
Microsoft Visual Studio Solution File, Format Version 12.00
# Visual Studio Version 17
VisualStudioVersion = 17.9.34622.214
MinimumVisualStudioVersion = 10.0.40219.1
Project("{8BC9CEB8-8B4A-11D0-8D11-00A0C91BC942}") = "calcMath_course", "calcMath_course\calcMath_course.vcxproj", "{B012AB16-EC4D-4616-BEBA-0824BD50506A}"
EndProject
Global
	GlobalSection(SolutionConfigurationPlatforms) = preSolution
		Debug|x64 = Debug|x64
		Debug|x86 = Debug|x86
		Release|x64 = Release|x64
		Release|x86 = Release|x86
	EndGlobalSection
	GlobalSection(ProjectConfigurationPlatforms) = postSolution
		{B012AB16-EC4D-4616-BEBA-0824BD50506A}.Debug|x64.ActiveCfg = Debug|x64
		{B012AB16-EC4D-4616-BEBA-0824BD50506A}.Debug|x64.Build.0 = Debug|x64
		{B012AB16-EC4D-4616-BEBA-0824BD50506A}.Debug|x86.ActiveCfg = Debug|Win32
		{B012AB16-EC4D-4616-BEBA-0824BD50506A}.Debug|x86.Build.0 = Debug|Win32
		{B012AB16-EC4D-4616-BEBA-0824BD50506A}.Release|x64.ActiveCfg = Release|x64
		{B012AB16-EC4D-4616-BEBA-0824BD50506A}.Release|x64.Build.0 = Release|x64
		{B012AB16-EC4D-4616-BEBA-0824BD50506A}.Release|x86.ActiveCfg = Release|Win32
		{B012AB16-EC4D-4616-BEBA-0824BD50506A}.Release|x86.Build.0 = Release|Win32
	EndGlobalSection
	GlobalSection(SolutionProperties) = preSolution
		HideSolutionNode = FALSE
	EndGlobalSection
	GlobalSection(ExtensibilityGlobals) = postSolution
		SolutionGuid = {31BFF749-1057-4AB2-AD90-6342D2111935}
	EndGlobalSection
EndGlobal
